
Microsoft Visual Studio Solution File, Format Version 12.00
# Visual Studio Version 16
VisualStudioVersion = 16.0.31025.194
MinimumVisualStudioVersion = 10.0.40219.1
Project("{8BC9CEB8-8B4A-11D0-8D11-00A0C91BC942}") = "L6", "L6\L6.vcxproj", "{DD7C9A61-BA27-4F72-951C-717B54DD3162}"
EndProject
Global
	GlobalSection(SolutionConfigurationPlatforms) = preSolution
		Debug|x64 = Debug|x64
		Debug|x86 = Debug|x86
		Release|x64 = Release|x64
		Release|x86 = Release|x86
	EndGlobalSection
	GlobalSection(ProjectConfigurationPlatforms) = postSolution
		{DD7C9A61-BA27-4F72-951C-717B54DD3162}.Debug|x64.ActiveCfg = Debug|x64
		{DD7C9A61-BA27-4F72-951C-717B54DD3162}.Debug|x64.Build.0 = Debug|x64
		{DD7C9A61-BA27-4F72-951C-717B54DD3162}.Debug|x86.ActiveCfg = Debug|Win32
		{DD7C9A61-BA27-4F72-951C-717B54DD3162}.Debug|x86.Build.0 = Debug|Win32
		{DD7C9A61-BA27-4F72-951C-717B54DD3162}.Release|x64.ActiveCfg = Release|x64
		{DD7C9A61-BA27-4F72-951C-717B54DD3162}.Release|x64.Build.0 = Release|x64
		{DD7C9A61-BA27-4F72-951C-717B54DD3162}.Release|x86.ActiveCfg = Release|Win32
		{DD7C9A61-BA27-4F72-951C-717B54DD3162}.Release|x86.Build.0 = Release|Win32
	EndGlobalSection
	GlobalSection(SolutionProperties) = preSolution
		HideSolutionNode = FALSE
	EndGlobalSection
	GlobalSection(ExtensibilityGlobals) = postSolution
		SolutionGuid = {96926723-C07E-4392-BEAD-3D164C99901C}
	EndGlobalSection
EndGlobal
