
Microsoft Visual Studio Solution File, Format Version 12.00
# Visual Studio Version 16
VisualStudioVersion = 16.0.31025.194
MinimumVisualStudioVersion = 10.0.40219.1
Project("{8BC9CEB8-8B4A-11D0-8D11-00A0C91BC942}") = "MN_L3", "MN_L3\MN_L3.vcxproj", "{9F5818D0-6E5F-4F01-9AE4-A29B5BFC3913}"
EndProject
Global
	GlobalSection(SolutionConfigurationPlatforms) = preSolution
		Debug|x64 = Debug|x64
		Debug|x86 = Debug|x86
		Release|x64 = Release|x64
		Release|x86 = Release|x86
	EndGlobalSection
	GlobalSection(ProjectConfigurationPlatforms) = postSolution
		{9F5818D0-6E5F-4F01-9AE4-A29B5BFC3913}.Debug|x64.ActiveCfg = Debug|x64
		{9F5818D0-6E5F-4F01-9AE4-A29B5BFC3913}.Debug|x64.Build.0 = Debug|x64
		{9F5818D0-6E5F-4F01-9AE4-A29B5BFC3913}.Debug|x86.ActiveCfg = Debug|Win32
		{9F5818D0-6E5F-4F01-9AE4-A29B5BFC3913}.Debug|x86.Build.0 = Debug|Win32
		{9F5818D0-6E5F-4F01-9AE4-A29B5BFC3913}.Release|x64.ActiveCfg = Release|x64
		{9F5818D0-6E5F-4F01-9AE4-A29B5BFC3913}.Release|x64.Build.0 = Release|x64
		{9F5818D0-6E5F-4F01-9AE4-A29B5BFC3913}.Release|x86.ActiveCfg = Release|Win32
		{9F5818D0-6E5F-4F01-9AE4-A29B5BFC3913}.Release|x86.Build.0 = Release|Win32
	EndGlobalSection
	GlobalSection(SolutionProperties) = preSolution
		HideSolutionNode = FALSE
	EndGlobalSection
	GlobalSection(ExtensibilityGlobals) = postSolution
		SolutionGuid = {9BC67DA4-3F4D-4101-AF13-151A1ECD356D}
	EndGlobalSection
EndGlobal
